
Microsoft Visual Studio Solution File, Format Version 12.00
# Visual Studio Version 17
VisualStudioVersion = 17.9.34622.214
MinimumVisualStudioVersion = 10.0.40219.1
Project("{9A19103F-16F7-4668-BE54-9A1E7A4F7556}") = "crmHuman", "crmHuman.csproj", "{41B21759-818A-492D-95FF-23F973AE071B}"
EndProject
Project("{9A19103F-16F7-4668-BE54-9A1E7A4F7556}") = "VS.Human.Business", "..\VS.Human.Business\VS.Human.Business.csproj", "{3B571586-64A4-410D-988A-5EF8C4108227}"
EndProject
Project("{9A19103F-16F7-4668-BE54-9A1E7A4F7556}") = "VS.Human.Rep", "..\VS.Human.Rep\VS.Human.Rep.csproj", "{0376C9A7-7B33-4261-87F5-F0B5DA8EE467}"
EndProject
Project("{9A19103F-16F7-4668-BE54-9A1E7A4F7556}") = "VS.Human.Item", "..\VS.Human.Item\VS.Human.Item.csproj", "{84596B43-5A59-4C19-8D92-16D0DAC96AC6}"
EndProject
Project("{9A19103F-16F7-4668-BE54-9A1E7A4F7556}") = "crm.human.utiliies", "..\crm.human.utiliies\crm.human.utiliies.csproj", "{E780256E-2BA5-4934-B31E-DB7A1B12527A}"
EndProject
Project("{9A19103F-16F7-4668-BE54-9A1E7A4F7556}") = "VS.Human.Utility", "..\VS.Human.Utility\VS.Human.Utility.csproj", "{9B9DF3AB-16D2-4441-B5CA-1EA1AD847086}"
EndProject
Project("{9A19103F-16F7-4668-BE54-9A1E7A4F7556}") = "ConsoleApp1", "..\ConsoleApp1\ConsoleApp1.csproj", "{2596A945-C05D-4A42-8E0B-D11552CAA1B9}"
EndProject
Project("{FAE04EC0-301F-11D3-BF4B-00C04F79EFBC}") = "Human.CDN2", "..\Human.CDN2\Human.CDN2.csproj", "{B27BA407-2AE3-4B7C-9F4D-636263C62D89}"
EndProject
Global
	GlobalSection(SolutionConfigurationPlatforms) = preSolution
		Debug|Any CPU = Debug|Any CPU
		Release|Any CPU = Release|Any CPU
	EndGlobalSection
	GlobalSection(ProjectConfigurationPlatforms) = postSolution
		{41B21759-818A-492D-95FF-23F973AE071B}.Debug|Any CPU.ActiveCfg = Debug|Any CPU
		{41B21759-818A-492D-95FF-23F973AE071B}.Debug|Any CPU.Build.0 = Debug|Any CPU
		{41B21759-818A-492D-95FF-23F973AE071B}.Release|Any CPU.ActiveCfg = Release|Any CPU
		{41B21759-818A-492D-95FF-23F973AE071B}.Release|Any CPU.Build.0 = Release|Any CPU
		{3B571586-64A4-410D-988A-5EF8C4108227}.Debug|Any CPU.ActiveCfg = Debug|Any CPU
		{3B571586-64A4-410D-988A-5EF8C4108227}.Debug|Any CPU.Build.0 = Debug|Any CPU
		{3B571586-64A4-410D-988A-5EF8C4108227}.Release|Any CPU.ActiveCfg = Release|Any CPU
		{3B571586-64A4-410D-988A-5EF8C4108227}.Release|Any CPU.Build.0 = Release|Any CPU
		{0376C9A7-7B33-4261-87F5-F0B5DA8EE467}.Debug|Any CPU.ActiveCfg = Debug|Any CPU
		{0376C9A7-7B33-4261-87F5-F0B5DA8EE467}.Debug|Any CPU.Build.0 = Debug|Any CPU
		{0376C9A7-7B33-4261-87F5-F0B5DA8EE467}.Release|Any CPU.ActiveCfg = Release|Any CPU
		{0376C9A7-7B33-4261-87F5-F0B5DA8EE467}.Release|Any CPU.Build.0 = Release|Any CPU
		{84596B43-5A59-4C19-8D92-16D0DAC96AC6}.Debug|Any CPU.ActiveCfg = Debug|Any CPU
		{84596B43-5A59-4C19-8D92-16D0DAC96AC6}.Debug|Any CPU.Build.0 = Debug|Any CPU
		{84596B43-5A59-4C19-8D92-16D0DAC96AC6}.Release|Any CPU.ActiveCfg = Release|Any CPU
		{84596B43-5A59-4C19-8D92-16D0DAC96AC6}.Release|Any CPU.Build.0 = Release|Any CPU
		{E780256E-2BA5-4934-B31E-DB7A1B12527A}.Debug|Any CPU.ActiveCfg = Debug|Any CPU
		{E780256E-2BA5-4934-B31E-DB7A1B12527A}.Debug|Any CPU.Build.0 = Debug|Any CPU
		{E780256E-2BA5-4934-B31E-DB7A1B12527A}.Release|Any CPU.ActiveCfg = Release|Any CPU
		{E780256E-2BA5-4934-B31E-DB7A1B12527A}.Release|Any CPU.Build.0 = Release|Any CPU
		{9B9DF3AB-16D2-4441-B5CA-1EA1AD847086}.Debug|Any CPU.ActiveCfg = Debug|Any CPU
		{9B9DF3AB-16D2-4441-B5CA-1EA1AD847086}.Debug|Any CPU.Build.0 = Debug|Any CPU
		{9B9DF3AB-16D2-4441-B5CA-1EA1AD847086}.Release|Any CPU.ActiveCfg = Release|Any CPU
		{9B9DF3AB-16D2-4441-B5CA-1EA1AD847086}.Release|Any CPU.Build.0 = Release|Any CPU
		{2596A945-C05D-4A42-8E0B-D11552CAA1B9}.Debug|Any CPU.ActiveCfg = Debug|Any CPU
		{2596A945-C05D-4A42-8E0B-D11552CAA1B9}.Debug|Any CPU.Build.0 = Debug|Any CPU
		{2596A945-C05D-4A42-8E0B-D11552CAA1B9}.Release|Any CPU.ActiveCfg = Release|Any CPU
		{2596A945-C05D-4A42-8E0B-D11552CAA1B9}.Release|Any CPU.Build.0 = Release|Any CPU
		{B27BA407-2AE3-4B7C-9F4D-636263C62D89}.Debug|Any CPU.ActiveCfg = Debug|Any CPU
		{B27BA407-2AE3-4B7C-9F4D-636263C62D89}.Debug|Any CPU.Build.0 = Debug|Any CPU
		{B27BA407-2AE3-4B7C-9F4D-636263C62D89}.Release|Any CPU.ActiveCfg = Release|Any CPU
		{B27BA407-2AE3-4B7C-9F4D-636263C62D89}.Release|Any CPU.Build.0 = Release|Any CPU
	EndGlobalSection
	GlobalSection(SolutionProperties) = preSolution
		HideSolutionNode = FALSE
	EndGlobalSection
	GlobalSection(ExtensibilityGlobals) = postSolution
		SolutionGuid = {6622B7DC-39C6-4B84-A13C-14F7140D2882}
	EndGlobalSection
EndGlobal
